lockfileVersion: '9.0'

settings:
  autoInstallPeers: true
  excludeLinksFromLockfile: false

importers:

  .:
    devDependencies:
      '@anywidget/vite':
        specifier: ^0.2.0
        version: 0.2.0(vite@5.3.3)
      anywidget:
        specifier: ^0.9.13
        version: 0.9.13(react@18.3.1)

packages:

  '@anywidget/types@0.1.9':
    resolution: {integrity: sha512-RvPp2qEDJGdNBpA6KGEEorLBmX7HkVUR+UTWFsc8fUkhsTVEoicDPTxYdLEdt9Wt0XUvLh0QhVOheICDJpyUnA==}

  '@anywidget/vite@0.2.0':
    resolution: {integrity: sha512-WE1WCj47GIjnt4DrMnCgZJQgGGW7IKRvS2W5CGHRXtrhE3GoehN+Z+MBxnrieGUFby7DBbFZxRrXv1sn/DTg0w==}
    peerDependencies:
      vite: ^4.0.0 || ^5.0.0

  '@esbuild/aix-ppc64@0.21.5':
    resolution: {integrity: sha512-1SDgH6ZSPTlggy1yI6+Dbkiz8xzpHJEVAlF/AM1tHPLsf5STom9rwtjE4hKAF20FfXXNTFqEYXyJNWh1GiZedQ==}
    engines: {node: '>=12'}
    cpu: [ppc64]
    os: [aix]

  '@esbuild/android-arm64@0.21.5':
    resolution: {integrity: sha512-c0uX9VAUBQ7dTDCjq+wdyGLowMdtR/GoC2U5IYk/7D1H1JYC0qseD7+11iMP2mRLN9RcCMRcjC4YMclCzGwS/A==}
    engines: {node: '>=12'}
    cpu: [arm64]
    os: [android]

  '@esbuild/android-arm@0.21.5':
    resolution: {integrity: sha512-vCPvzSjpPHEi1siZdlvAlsPxXl7WbOVUBBAowWug4rJHb68Ox8KualB+1ocNvT5fjv6wpkX6o/iEpbDrf68zcg==}
    engines: {node: '>=12'}
    cpu: [arm]
    os: [android]

  '@esbuild/android-x64@0.21.5':
    resolution: {integrity: sha512-D7aPRUUNHRBwHxzxRvp856rjUHRFW1SdQATKXH2hqA0kAZb1hKmi02OpYRacl0TxIGz/ZmXWlbZgjwWYaCakTA==}
    engines: {node: '>=12'}
    cpu: [x64]
    os: [android]

  '@esbuild/darwin-arm64@0.21.5':
    resolution: {integrity: sha512-DwqXqZyuk5AiWWf3UfLiRDJ5EDd49zg6O9wclZ7kUMv2WRFr4HKjXp/5t8JZ11QbQfUS6/cRCKGwYhtNAY88kQ==}
    engines: {node: '>=12'}
    cpu: [arm64]
    os: [darwin]

  '@esbuild/darwin-x64@0.21.5':
    resolution: {integrity: sha512-se/JjF8NlmKVG4kNIuyWMV/22ZaerB+qaSi5MdrXtd6R08kvs2qCN4C09miupktDitvh8jRFflwGFBQcxZRjbw==}
    engines: {node: '>=12'}
    cpu: [x64]
    os: [darwin]

  '@esbuild/freebsd-arm64@0.21.5':
    resolution: {integrity: sha512-5JcRxxRDUJLX8JXp/wcBCy3pENnCgBR9bN6JsY4OmhfUtIHe3ZW0mawA7+RDAcMLrMIZaf03NlQiX9DGyB8h4g==}
    engines: {node: '>=12'}
    cpu: [arm64]
    os: [freebsd]

  '@esbuild/freebsd-x64@0.21.5':
    resolution: {integrity: sha512-J95kNBj1zkbMXtHVH29bBriQygMXqoVQOQYA+ISs0/2l3T9/kj42ow2mpqerRBxDJnmkUDCaQT/dfNXWX/ZZCQ==}
    engines: {node: '>=12'}
    cpu: [x64]
    os: [freebsd]

  '@esbuild/linux-arm64@0.21.5':
    resolution: {integrity: sha512-ibKvmyYzKsBeX8d8I7MH/TMfWDXBF3db4qM6sy+7re0YXya+K1cem3on9XgdT2EQGMu4hQyZhan7TeQ8XkGp4Q==}
    engines: {node: '>=12'}
    cpu: [arm64]
    os: [linux]

  '@esbuild/linux-arm@0.21.5':
    resolution: {integrity: sha512-bPb5AHZtbeNGjCKVZ9UGqGwo8EUu4cLq68E95A53KlxAPRmUyYv2D6F0uUI65XisGOL1hBP5mTronbgo+0bFcA==}
    engines: {node: '>=12'}
    cpu: [arm]
    os: [linux]

  '@esbuild/linux-ia32@0.21.5':
    resolution: {integrity: sha512-YvjXDqLRqPDl2dvRODYmmhz4rPeVKYvppfGYKSNGdyZkA01046pLWyRKKI3ax8fbJoK5QbxblURkwK/MWY18Tg==}
    engines: {node: '>=12'}
    cpu: [ia32]
    os: [linux]

  '@esbuild/linux-loong64@0.21.5':
    resolution: {integrity: sha512-uHf1BmMG8qEvzdrzAqg2SIG/02+4/DHB6a9Kbya0XDvwDEKCoC8ZRWI5JJvNdUjtciBGFQ5PuBlpEOXQj+JQSg==}
    engines: {node: '>=12'}
    cpu: [loong64]
    os: [linux]

  '@esbuild/linux-mips64el@0.21.5':
    resolution: {integrity: sha512-IajOmO+KJK23bj52dFSNCMsz1QP1DqM6cwLUv3W1QwyxkyIWecfafnI555fvSGqEKwjMXVLokcV5ygHW5b3Jbg==}
    engines: {node: '>=12'}
    cpu: [mips64el]
    os: [linux]

  '@esbuild/linux-ppc64@0.21.5':
    resolution: {integrity: sha512-1hHV/Z4OEfMwpLO8rp7CvlhBDnjsC3CttJXIhBi+5Aj5r+MBvy4egg7wCbe//hSsT+RvDAG7s81tAvpL2XAE4w==}
    engines: {node: '>=12'}
    cpu: [ppc64]
    os: [linux]

  '@esbuild/linux-riscv64@0.21.5':
    resolution: {integrity: sha512-2HdXDMd9GMgTGrPWnJzP2ALSokE/0O5HhTUvWIbD3YdjME8JwvSCnNGBnTThKGEB91OZhzrJ4qIIxk/SBmyDDA==}
    engines: {node: '>=12'}
    cpu: [riscv64]
    os: [linux]

  '@esbuild/linux-s390x@0.21.5':
    resolution: {integrity: sha512-zus5sxzqBJD3eXxwvjN1yQkRepANgxE9lgOW2qLnmr8ikMTphkjgXu1HR01K4FJg8h1kEEDAqDcZQtbrRnB41A==}
    engines: {node: '>=12'}
    cpu: [s390x]
    os: [linux]

  '@esbuild/linux-x64@0.21.5':
    resolution: {integrity: sha512-1rYdTpyv03iycF1+BhzrzQJCdOuAOtaqHTWJZCWvijKD2N5Xu0TtVC8/+1faWqcP9iBCWOmjmhoH94dH82BxPQ==}
    engines: {node: '>=12'}
    cpu: [x64]
    os: [linux]

  '@esbuild/netbsd-x64@0.21.5':
    resolution: {integrity: sha512-Woi2MXzXjMULccIwMnLciyZH4nCIMpWQAs049KEeMvOcNADVxo0UBIQPfSmxB3CWKedngg7sWZdLvLczpe0tLg==}
    engines: {node: '>=12'}
    cpu: [x64]
    os: [netbsd]

  '@esbuild/openbsd-x64@0.21.5':
    resolution: {integrity: sha512-HLNNw99xsvx12lFBUwoT8EVCsSvRNDVxNpjZ7bPn947b8gJPzeHWyNVhFsaerc0n3TsbOINvRP2byTZ5LKezow==}
    engines: {node: '>=12'}
    cpu: [x64]
    os: [openbsd]

  '@esbuild/sunos-x64@0.21.5':
    resolution: {integrity: sha512-6+gjmFpfy0BHU5Tpptkuh8+uw3mnrvgs+dSPQXQOv3ekbordwnzTVEb4qnIvQcYXq6gzkyTnoZ9dZG+D4garKg==}
    engines: {node: '>=12'}
    cpu: [x64]
    os: [sunos]

  '@esbuild/win32-arm64@0.21.5':
    resolution: {integrity: sha512-Z0gOTd75VvXqyq7nsl93zwahcTROgqvuAcYDUr+vOv8uHhNSKROyU961kgtCD1e95IqPKSQKH7tBTslnS3tA8A==}
    engines: {node: '>=12'}
    cpu: [arm64]
    os: [win32]

  '@esbuild/win32-ia32@0.21.5':
    resolution: {integrity: sha512-SWXFF1CL2RVNMaVs+BBClwtfZSvDgtL//G/smwAc5oVK/UPu2Gu9tIaRgFmYFFKrmg3SyAjSrElf0TiJ1v8fYA==}
    engines: {node: '>=12'}
    cpu: [ia32]
    os: [win32]

  '@esbuild/win32-x64@0.21.5':
    resolution: {integrity: sha512-tQd/1efJuzPC6rCFwEvLtci/xNFcTZknmXs98FYDfGE4wP9ClFV98nyKrzJKVPMhdDnjzLhdUyMX4PsQAPjwIw==}
    engines: {node: '>=12'}
    cpu: [x64]
    os: [win32]

  '@jupyter-widgets/base@6.0.8':
    resolution: {integrity: sha512-2Y0gl6BXdlxU9DR4YBWXd3dv9m6kSd2T31W81XGLR5/MGH4SSZ2LuiC0TsuMRFL+b6dk4+X73tRaekRxo5iMKA==}

  '@jupyter/ydoc@2.0.1':
    resolution: {integrity: sha512-HyJPi7dHEWqxBqfjU+QqY/ks5RpDPYFl8QtbBYQ56WRN6nOvI/QOnDUCTTRU9p+X38IDqM+Rym+SLVn0qLppzg==}

  '@jupyterlab/coreutils@6.2.3':
    resolution: {integrity: sha512-tGABmtHpBxgRPBg66SbuN54aVmgYYmfFqUoTURBbhu8ifbzX4FXhzzq23At36+jspQam/9U/cFnqBNBh8d40pQ==}

  '@jupyterlab/nbformat@4.2.3':
    resolution: {integrity: sha512-eNn5F4JGw6Gq8xB1AaJ29hKQFgDvcjv9KZQeSp9joCYvedmc0LHivELCO+GticUjN5Y0+qgS4ZvnOARAqcIyvQ==}

  '@jupyterlab/services@7.2.3':
    resolution: {integrity: sha512-Szx0FQ9Lehf/yrMOqVL1E5ZXDL8T97VgQqjfDkZx9xrA0SR7Ib7dMb3/8JF+IzV7eX5ycxT8U+LvPTGj0MOE2w==}

  '@jupyterlab/settingregistry@4.2.3':
    resolution: {integrity: sha512-f5rNTd7wk/fn1C0ylD0/jDmMVvxgYYqOfPktaOAeWckS4iQ44XcrqfPUWs8sg66JYBHBFXBD9OkUKiMteQZDZg==}
    peerDependencies:
      react: '>=16'

  '@jupyterlab/statedb@4.2.3':
    resolution: {integrity: sha512-fHWkhMdz3U5ZCJmxsze39UyJnVaMnbRrHIhKh5nvwAQdg2h4KCP1Yg/EKKbsfmKYMgwE8YA5tCU7OmBuiyzKyg==}

  '@lukeed/csprng@1.1.0':
    resolution: {integrity: sha512-Z7C/xXCiGWsg0KuKsHTKJxbWhpI3Vs5GwLfOean7MGyVFGqdRgBbAjOCh6u4bbjPc/8MJ2pZmK/0DLdCbivLDA==}
    engines: {node: '>=8'}

  '@lukeed/uuid@2.0.1':
    resolution: {integrity: sha512-qC72D4+CDdjGqJvkFMMEAtancHUQ7/d/tAiHf64z8MopFDmcrtbcJuerDtFceuAfQJ2pDSfCKCtbqoGBNnwg0w==}
    engines: {node: '>=8'}

  '@lumino/algorithm@1.9.2':
    resolution: {integrity: sha512-Z06lp/yuhz8CtIir3PNTGnuk7909eXt4ukJsCzChsGuot2l5Fbs96RJ/FOHgwCedaX74CtxPjXHXoszFbUA+4A==}

  '@lumino/algorithm@2.0.2':
    resolution: {integrity: sha512-cI8yJ2+QK1yM5ZRU3Kuaw9fJ/64JEDZEwWWp7+U0cd/mvcZ44BGdJJ29w+tIet1QXxPAvnsUleWyQ5qm4qUouA==}

  '@lumino/collections@1.9.3':
    resolution: {integrity: sha512-2i2Wf1xnfTgEgdyKEpqM16bcYRIhUOGCDzaVCEZACVG9R1CgYwOe3zfn71slBQOVSjjRgwYrgLXu4MBpt6YK+g==}

  '@lumino/collections@2.0.2':
    resolution: {integrity: sha512-o0QmfV1D3WhAeA8GI1/YmEPaK89JtHVa764rQ5T0LdbDEwUtUDbjavHs1E/+y66tNTXz9RUJ4D2rcSb9tysYsg==}

  '@lumino/commands@2.3.1':
    resolution: {integrity: sha512-DpX1kkE4PhILpvK1T4ZnaFb6UP4+YTkdZifvN3nbiomD64O2CTd+wcWIBpZMgy6MMgbVgrE8dzHxHk1EsKxNxw==}

  '@lumino/coreutils@2.2.0':
    resolution: {integrity: sha512-x5wnQ/GjWBayJ6vXVaUi6+Q6ETDdcUiH9eSfpRZFbgMQyyM6pi6baKqJBK2CHkCc/YbAEl6ipApTgm3KOJ/I3g==}

  '@lumino/disposable@2.1.3':
    resolution: {integrity: sha512-k5KXy/+T3UItiWHY4WwQawnsJnGo3aNtP5CTRKqo4+tbTNuhc3rTSvygJlNKIbEfIZXW2EWYnwfFDozkYx95eA==}

  '@lumino/domutils@2.0.2':
    resolution: {integrity: sha512-2Kp6YHaMNI1rKB0PrALvOsZBHPy2EvVVAvJLWjlCm8MpWOVETjFp0MA9QpMubT9I76aKbaI5s1o1NJyZ8Y99pQ==}

  '@lumino/dragdrop@2.1.5':
    resolution: {integrity: sha512-zqwR4GakrQBKZOW6S5pj2nfrQDurOErAoe9x3HS3BKLa1AzWA+t9PD5NESOKd81NqXFHjiMirSyFkTUs6pw+uA==}

  '@lumino/keyboard@2.0.2':
    resolution: {integrity: sha512-icRUpvswDaFjqmAJNbQRb/aTu6Iugo6Y2oC08TiIwhQtLS9W+Ee9VofdqvbPSvCm6DkyP+DCWMuA3KXZ4V4g4g==}

  '@lumino/messaging@1.10.3':
    resolution: {integrity: sha512-F/KOwMCdqvdEG8CYAJcBSadzp6aI7a47Fr60zAKGqZATSRRRV41q53iXU7HjFPqQqQIvdn9Z7J32rBEAyQAzww==}

  '@lumino/messaging@2.0.2':
    resolution: {integrity: sha512-2sUF07cYA0f3mDil41Eh5sfBk0aGAH/mOh1I4+vyRUsKyBqp4WTUtpJFd8xVJGAntygxwnebIygkIaXXTIQvxA==}

  '@lumino/polling@2.1.3':
    resolution: {integrity: sha512-WEZk96ddK6eHEhdDkFUAAA40EOLit86QVbqQqnbPmhdGwFogek26Kq9b1U273LJeirv95zXCATOJAkjRyb7D+w==}

  '@lumino/properties@2.0.2':
    resolution: {integrity: sha512-b312oA3Bh97WFK8efXejYmC3DVJmvzJk72LQB7H3fXhfqS5jUWvL7MSnNmgcQvGzl9fIhDWDWjhtSTi0KGYYBg==}

  '@lumino/signaling@2.1.3':
    resolution: {integrity: sha512-9Wd4iMk8F1i6pYjy65bqKuPlzQMicyL9xy1/ccS20kovPcfD074waneL/7BVe+3M8i+fGa3x2qjbWrBzOdTdNw==}

  '@lumino/virtualdom@2.0.2':
    resolution: {integrity: sha512-HYZThOtZSoknjdXA102xpy5CiXtTFCVz45EXdWeYLx3NhuEwuAIX93QBBIhupalmtFlRg1yhdDNV40HxJ4kcXg==}

  '@lumino/widgets@2.4.0':
    resolution: {integrity: sha512-n7MqRKj+g/aRnI3dl4EJw/Bkt5/LSwGcn3sA9opn88CMZmAzjC33ac+q6zijovjCX8yDud7KKK8yPFTwOFaxhg==}

  '@rjsf/utils@5.19.1':
    resolution: {integrity: sha512-vA4Rq6kiLbohxyB7AC6rcfnb1y/BvGGRNVFDA8S/E7a+OT52gEY+EA6iiYUHXPVMnFOdQtuN4QBilF575cc8vQ==}
    engines: {node: '>=14'}
    peerDependencies:
      react: ^16.14.0 || >=17

  '@rollup/rollup-android-arm-eabi@4.18.0':
    resolution: {integrity: sha512-Tya6xypR10giZV1XzxmH5wr25VcZSncG0pZIjfePT0OVBvqNEurzValetGNarVrGiq66EBVAFn15iYX4w6FKgQ==}
    cpu: [arm]
    os: [android]

  '@rollup/rollup-android-arm64@4.18.0':
    resolution: {integrity: sha512-avCea0RAP03lTsDhEyfy+hpfr85KfyTctMADqHVhLAF3MlIkq83CP8UfAHUssgXTYd+6er6PaAhx/QGv4L1EiA==}
    cpu: [arm64]
    os: [android]

  '@rollup/rollup-darwin-arm64@4.18.0':
    resolution: {integrity: sha512-IWfdwU7KDSm07Ty0PuA/W2JYoZ4iTj3TUQjkVsO/6U+4I1jN5lcR71ZEvRh52sDOERdnNhhHU57UITXz5jC1/w==}
    cpu: [arm64]
    os: [darwin]

  '@rollup/rollup-darwin-x64@4.18.0':
    resolution: {integrity: sha512-n2LMsUz7Ynu7DoQrSQkBf8iNrjOGyPLrdSg802vk6XT3FtsgX6JbE8IHRvposskFm9SNxzkLYGSq9QdpLYpRNA==}
    cpu: [x64]
    os: [darwin]

  '@rollup/rollup-linux-arm-gnueabihf@4.18.0':
    resolution: {integrity: sha512-C/zbRYRXFjWvz9Z4haRxcTdnkPt1BtCkz+7RtBSuNmKzMzp3ZxdM28Mpccn6pt28/UWUCTXa+b0Mx1k3g6NOMA==}
    cpu: [arm]
    os: [linux]

  '@rollup/rollup-linux-arm-musleabihf@4.18.0':
    resolution: {integrity: sha512-l3m9ewPgjQSXrUMHg93vt0hYCGnrMOcUpTz6FLtbwljo2HluS4zTXFy2571YQbisTnfTKPZ01u/ukJdQTLGh9A==}
    cpu: [arm]
    os: [linux]

  '@rollup/rollup-linux-arm64-gnu@4.18.0':
    resolution: {integrity: sha512-rJ5D47d8WD7J+7STKdCUAgmQk49xuFrRi9pZkWoRD1UeSMakbcepWXPF8ycChBoAqs1pb2wzvbY6Q33WmN2ftw==}
    cpu: [arm64]
    os: [linux]

  '@rollup/rollup-linux-arm64-musl@4.18.0':
    resolution: {integrity: sha512-be6Yx37b24ZwxQ+wOQXXLZqpq4jTckJhtGlWGZs68TgdKXJgw54lUUoFYrg6Zs/kjzAQwEwYbp8JxZVzZLRepQ==}
    cpu: [arm64]
    os: [linux]

  '@rollup/rollup-linux-powerpc64le-gnu@4.18.0':
    resolution: {integrity: sha512-hNVMQK+qrA9Todu9+wqrXOHxFiD5YmdEi3paj6vP02Kx1hjd2LLYR2eaN7DsEshg09+9uzWi2W18MJDlG0cxJA==}
    cpu: [ppc64]
    os: [linux]

  '@rollup/rollup-linux-riscv64-gnu@4.18.0':
    resolution: {integrity: sha512-ROCM7i+m1NfdrsmvwSzoxp9HFtmKGHEqu5NNDiZWQtXLA8S5HBCkVvKAxJ8U+CVctHwV2Gb5VUaK7UAkzhDjlg==}
    cpu: [riscv64]
    os: [linux]

  '@rollup/rollup-linux-s390x-gnu@4.18.0':
    resolution: {integrity: sha512-0UyyRHyDN42QL+NbqevXIIUnKA47A+45WyasO+y2bGJ1mhQrfrtXUpTxCOrfxCR4esV3/RLYyucGVPiUsO8xjg==}
    cpu: [s390x]
    os: [linux]

  '@rollup/rollup-linux-x64-gnu@4.18.0':
    resolution: {integrity: sha512-xuglR2rBVHA5UsI8h8UbX4VJ470PtGCf5Vpswh7p2ukaqBGFTnsfzxUBetoWBWymHMxbIG0Cmx7Y9qDZzr648w==}
    cpu: [x64]
    os: [linux]

  '@rollup/rollup-linux-x64-musl@4.18.0':
    resolution: {integrity: sha512-LKaqQL9osY/ir2geuLVvRRs+utWUNilzdE90TpyoX0eNqPzWjRm14oMEE+YLve4k/NAqCdPkGYDaDF5Sw+xBfg==}
    cpu: [x64]
    os: [linux]

  '@rollup/rollup-win32-arm64-msvc@4.18.0':
    resolution: {integrity: sha512-7J6TkZQFGo9qBKH0pk2cEVSRhJbL6MtfWxth7Y5YmZs57Pi+4x6c2dStAUvaQkHQLnEQv1jzBUW43GvZW8OFqA==}
    cpu: [arm64]
    os: [win32]

  '@rollup/rollup-win32-ia32-msvc@4.18.0':
    resolution: {integrity: sha512-Txjh+IxBPbkUB9+SXZMpv+b/vnTEtFyfWZgJ6iyCmt2tdx0OF5WhFowLmnh8ENGNpfUlUZkdI//4IEmhwPieNg==}
    cpu: [ia32]
    os: [win32]

  '@rollup/rollup-win32-x64-msvc@4.18.0':
    resolution: {integrity: sha512-UOo5FdvOL0+eIVTgS4tIdbW+TtnBLWg1YBCcU2KWM7nuNwRz9bksDX1bekJJCpu25N1DVWaCwnT39dVQxzqS8g==}
    cpu: [x64]
    os: [win32]

  '@types/backbone@1.4.14':
    resolution: {integrity: sha512-85ldQ99fiYTJFBlZuAJRaCdvTZKZ2p1fSs3fVf+6Ub6k1X0g0hNJ0qJ/2FOByyyAQYLtbEz3shX5taKQfBKBDw==}

  '@types/estree@1.0.5':
    resolution: {integrity: sha512-/kYRxGDLWzHOB7q+wtSUQlFrtcdUccpfy+X+9iMBpHK8QLLhx2wIPYuS5DYtR9Wa/YlZAbIovy7qVdB1Aq6Lyw==}

  '@types/jquery@3.5.30':
    resolution: {integrity: sha512-nbWKkkyb919DOUxjmRVk8vwtDb0/k8FKncmUKFi+NY+QXqWltooxTrswvz4LspQwxvLdvzBN1TImr6cw3aQx2A==}

  '@types/lodash@4.17.6':
    resolution: {integrity: sha512-OpXEVoCKSS3lQqjx9GGGOapBeuW5eUboYHRlHP9urXPX25IKZ6AnP5ZRxtVf63iieUbsHxLn8NQ5Nlftc6yzAA==}

  '@types/sizzle@2.3.8':
    resolution: {integrity: sha512-0vWLNK2D5MT9dg0iOo8GlKguPAU02QjmZitPEsXRuJXU/OGIOt9vT9Fc26wtYuavLxtO45v9PGleoL9Z0k1LHg==}

  '@types/underscore@1.11.15':
    resolution: {integrity: sha512-HP38xE+GuWGlbSRq9WrZkousaQ7dragtZCruBVMi0oX1migFZavZ3OROKHSkNp/9ouq82zrWtZpg18jFnVN96g==}

  ajv@8.16.0:
    resolution: {integrity: sha512-F0twR8U1ZU67JIEtekUcLkXkoO5mMMmgGD8sK/xUFzJ805jxHQl92hImFAqqXMyMYjSPOyUPAwHYhB72g5sTXw==}

  anywidget@0.9.13:
    resolution: {integrity: sha512-q8EKrxkKWrWi+X42EBeV7aLQD9TSppVQdumQIZa9qf3Er89X8ILyVnzgZld5/BGgCBn3bZ5YTJNgAbRN3urEEA==}

  backbone@1.4.0:
    resolution: {integrity: sha512-RLmDrRXkVdouTg38jcgHhyQ/2zjg7a8E6sz2zxfz21Hh17xDJYUHBZimVIt5fUyS8vbfpeSmTL3gUjTEvUV3qQ==}

  compute-gcd@1.2.1:
    resolution: {integrity: sha512-TwMbxBNz0l71+8Sc4czv13h4kEqnchV9igQZBi6QUaz09dnz13juGnnaWWJTRsP3brxOoxeB4SA2WELLw1hCtg==}

  compute-lcm@1.1.2:
    resolution: {integrity: sha512-OFNPdQAXnQhDSKioX8/XYT6sdUlXwpeMjfd6ApxMJfyZ4GxmLR1xvMERctlYhlHwIiz6CSpBc2+qYKjHGZw4TQ==}

  csstype@3.1.3:
    resolution: {integrity: sha512-M1uQkMl8rQK/szD0LNhtqxIPLpimGm8sOBwU7lLnCpSbTyY3yeU1Vc7l4KT5zT4s/yOxHH5O7tIuuLOCnLADRw==}

  esbuild@0.21.5:
    resolution: {integrity: sha512-mg3OPMV4hXywwpoDxu3Qda5xCKQi+vCTZq8S9J/EpkhB2HzKXq4SNFZE3+NK93JYxc8VMSep+lOUSC/RVKaBqw==}
    engines: {node: '>=12'}
    hasBin: true

  fast-deep-equal@3.1.3:
    resolution: {integrity: sha512-f3qQ9oQy9j2AhBe/H9VC91wLmKBCCU/gDOnKNAYG5hswO7BLKj09Hc5HYNz9cGI++xlpDCIgDaitVs03ATR84Q==}

  fsevents@2.3.3:
    resolution: {integrity: sha512-5xoDfX+fL7faATnagmWPpbFtwh/R77WmMMqqHGS65C3vvB0YHrgF+B1YmZ3441tMj5n63k0212XNoJwzlhffQw==}
    engines: {node: ^8.16.0 || ^10.6.0 || >=11.0.0}
    os: [darwin]

  isomorphic.js@0.2.5:
    resolution: {integrity: sha512-PIeMbHqMt4DnUP3MA/Flc0HElYjMXArsw1qwJZcm9sqR8mq3l8NYizFMty0pWwE/tzIGH3EKK5+jes5mAr85yw==}

  jquery@3.7.1:
    resolution: {integrity: sha512-m4avr8yL8kmFN8psrbFFFmB/If14iN5o9nw/NgnnM+kybDJpRsAynV2BsfpTYrTRysYUdADVD7CkUUizgkpLfg==}

  js-tokens@4.0.0:
    resolution: {integrity: sha512-RdJUflcE3cUzKiMqQgsCu06FPu9UdIJO0beYbPhHN4k6apgJtifcoCtT9bcxOpYBtpD2kCM6Sbzg4CausW/PKQ==}

  json-schema-compare@0.2.2:
    resolution: {integrity: sha512-c4WYmDKyJXhs7WWvAWm3uIYnfyWFoIp+JEoX34rctVvEkMYCPGhXtvmFFXiffBbxfZsvQ0RNnV5H7GvDF5HCqQ==}

  json-schema-merge-allof@0.8.1:
    resolution: {integrity: sha512-CTUKmIlPJbsWfzRRnOXz+0MjIqvnleIXwFTzz+t9T86HnYX/Rozria6ZVGLktAU9e+NygNljveP+yxqtQp/Q4w==}
    engines: {node: '>=12.0.0'}

  json-schema-traverse@1.0.0:
    resolution: {integrity: sha512-NM8/P9n3XjXhIZn1lLhkFaACTOURQXjWhV4BA/RnOv8xvgqtqpAX9IO4mRQxSx1Rlo4tqzeqb0sOlruaOy3dug==}

  json5@2.2.3:
    resolution: {integrity: sha512-XmOWe7eyHYH14cLdVPoyg+GOH3rYX++KpzrylJwSW98t3Nk+U8XOl8FWKOgwtzdb8lXGf6zYwDUzeHMWfxasyg==}
    engines: {node: '>=6'}
    hasBin: true

  jsonpointer@5.0.1:
    resolution: {integrity: sha512-p/nXbhSEcu3pZRdkW1OfJhpsVtW1gd4Wa1fnQc9YLiTfAjn0312eMKimbdIQzuZl9aa9xUGaRlP9T/CJE/ditQ==}
    engines: {node: '>=0.10.0'}

  lib0@0.2.94:
    resolution: {integrity: sha512-hZ3p54jL4Wpu7IOg26uC7dnEWiMyNlUrb9KoG7+xYs45WkQwpVvKFndVq2+pqLYKe1u8Fp3+zAfZHVvTK34PvQ==}
    engines: {node: '>=16'}
    hasBin: true

  lodash-es@4.17.21:
    resolution: {integrity: sha512-mKnC+QJ9pWVzv+C4/U3rRsHapFfHvQFoFB92e52xeyGMcX6/OlIl78je1u8vePzYZSkkogMPJ2yjxxsb89cxyw==}

  lodash@4.17.21:
    resolution: {integrity: sha512-v2kDEe57lecTulaDIuNTPy3Ry4gLGJ6Z1O3vE1krgXZNrsQ+LFTGHVxVjcXPs17LhbZVGedAJv8XZ1tvj5FvSg==}

  loose-envify@1.4.0:
    resolution: {integrity: sha512-lyuxPGr/Wfhrlem2CL/UcnUc1zcqKAImBDzukY7Y5F/yQiNdko6+fRLevlw1HgMySw7f611UIY408EtxRSoK3Q==}
    hasBin: true

  minimist@1.2.8:
    resolution: {integrity: sha512-2yyAR8qBkN3YuheJanUpWC5U3bb5osDywNB8RzDVlDwDHbocAJveqqj1u8+SVD7jkWT4yvsHCpWqqWqAxb0zCA==}

  nanoid@3.3.7:
    resolution: {integrity: sha512-eSRppjcPIatRIMC1U6UngP8XFcz8MQWGQdt1MTBQ7NaAmvXDfvNxbvWV3x2y6CdEUciCSsDHDQZbhYaB8QEo2g==}
    engines: {node: ^10 || ^12 || ^13.7 || ^14 || >=15.0.1}
    hasBin: true

  path-browserify@1.0.1:
    resolution: {integrity: sha512-b7uo2UCUOYZcnF/3ID0lulOJi/bafxa1xPe7ZPsammBSpjSWQkjNxlt635YGS2MiR9GjvuXCtz2emr3jbsz98g==}

  picocolors@1.0.1:
    resolution: {integrity: sha512-anP1Z8qwhkbmu7MFP5iTt+wQKXgwzf7zTyGlcdzabySa9vd0Xt392U0rVmz9poOaBj0uHJKyyo9/upk0HrEQew==}

  postcss@8.4.39:
    resolution: {integrity: sha512-0vzE+lAiG7hZl1/9I8yzKLx3aR9Xbof3fBHKunvMfOCYAtMhrsnccJY2iTURb9EZd5+pLuiNV9/c/GZJOHsgIw==}
    engines: {node: ^10 || ^12 || >=14}

  punycode@2.3.1:
    resolution: {integrity: sha512-vYt7UD1U9Wg6138shLtLOvdAu+8DsC/ilFtEVHcH+wydcSpNE20AfSOduf6MkRFahL5FY7X1oU7nKVZFtfq8Fg==}
    engines: {node: '>=6'}

  querystringify@2.2.0:
    resolution: {integrity: sha512-FIqgj2EUvTa7R50u0rGsyTftzjYmv/a3hO345bZNrqabNqjtgiDMgmo4mkUjd+nzU5oF3dClKqFIPUKybUyqoQ==}

  react-is@18.3.1:
    resolution: {integrity: sha512-/LLMVyas0ljjAtoYiPqYiL8VWXzUUdThrmU5+n20DZv+a+ClRoevUzw5JxU+Ieh5/c87ytoTBV9G1FiKfNJdmg==}

  react@18.3.1:
    resolution: {integrity: sha512-wS+hAgJShR0KhEvPJArfuPVN1+Hz1t0Y6n5jLrGQbkb4urgPE/0Rve+1kMB1v/oWgHgm4WIcV+i7F2pTVj+2iQ==}
    engines: {node: '>=0.10.0'}

  require-from-string@2.0.2:
    resolution: {integrity: sha512-Xf0nWe6RseziFMu+Ap9biiUbmplq6S9/p+7w7YXP/JBHhrUDDUhwa+vANyubuqfZWTveU//DYVGsDG7RKL/vEw==}
    engines: {node: '>=0.10.0'}

  requires-port@1.0.0:
    resolution: {integrity: sha512-KigOCHcocU3XODJxsu8i/j8T9tzT4adHiecwORRQ0ZZFcp7ahwXuRU1m+yuO90C5ZUyGeGfocHDI14M3L3yDAQ==}

  rollup@4.18.0:
    resolution: {integrity: sha512-QmJz14PX3rzbJCN1SG4Xe/bAAX2a6NpCP8ab2vfu2GiUr8AQcr2nCV/oEO3yneFarB67zk8ShlIyWb2LGTb3Sg==}
    engines: {node: '>=18.0.0', npm: '>=8.0.0'}
    hasBin: true

  seroval-plugins@1.0.7:
    resolution: {integrity: sha512-GO7TkWvodGp6buMEX9p7tNyIkbwlyuAWbI6G9Ec5bhcm7mQdu3JOK1IXbEUwb3FVzSc363GraG/wLW23NSavIw==}
    engines: {node: '>=10'}
    peerDependencies:
      seroval: ^1.0

  seroval@1.0.7:
    resolution: {integrity: sha512-n6ZMQX5q0Vn19Zq7CIKNIo7E75gPkGCFUEqDpa8jgwpYr/vScjqnQ6H09t1uIiZ0ZSK0ypEGvrYK2bhBGWsGdw==}
    engines: {node: '>=10'}

  solid-js@1.8.18:
    resolution: {integrity: sha512-cpkxDPvO/AuKBugVv6xKFd1C9VC0XZMu4VtF56IlHoux8HgyW44uqNSWbozMnVcpIzHIhS3vVXPAVZYM26jpWw==}

  source-map-js@1.2.0:
    resolution: {integrity: sha512-itJW8lvSA0TXEphiRoawsCksnlf8SyvmFzIhltqAHluXd88pkCd+cXJVHTDwdCr0IzwptSm035IHQktUu1QUMg==}
    engines: {node: '>=0.10.0'}

  underscore@1.13.6:
    resolution: {integrity: sha512-+A5Sja4HP1M08MaXya7p5LvjuM7K6q/2EaC0+iovj/wOcMsTzMvDFbasi/oSapiwOlt252IqsKqPjCl7huKS0A==}

  uri-js@4.4.1:
    resolution: {integrity: sha512-7rKUyy33Q1yc98pQ1DAmLtwX109F7TIfWlW1Ydo8Wl1ii1SeHieeh0HHfPeL2fMXK6z0s8ecKs9frCuLJvndBg==}

  url-parse@1.5.10:
    resolution: {integrity: sha512-WypcfiRhfeUP9vvF0j6rw0J3hrWrw6iZv3+22h6iRMJ/8z1Tj6XfLP4DsUix5MhMPnXpiHDoKyoZ/bdCkwBCiQ==}

  validate.io-array@1.0.6:
    resolution: {integrity: sha512-DeOy7CnPEziggrOO5CZhVKJw6S3Yi7e9e65R1Nl/RTN1vTQKnzjfvks0/8kQ40FP/dsjRAOd4hxmJ7uLa6vxkg==}

  validate.io-function@1.0.2:
    resolution: {integrity: sha512-LlFybRJEriSuBnUhQyG5bwglhh50EpTL2ul23MPIuR1odjO7XaMLFV8vHGwp7AZciFxtYOeiSCT5st+XSPONiQ==}

  validate.io-integer-array@1.0.0:
    resolution: {integrity: sha512-mTrMk/1ytQHtCY0oNO3dztafHYyGU88KL+jRxWuzfOmQb+4qqnWmI+gykvGp8usKZOM0H7keJHEbRaFiYA0VrA==}

  validate.io-integer@1.0.5:
    resolution: {integrity: sha512-22izsYSLojN/P6bppBqhgUDjCkr5RY2jd+N2a3DCAUey8ydvrZ/OkGvFPR7qfOpwR2LC5p4Ngzxz36g5Vgr/hQ==}

  validate.io-number@1.0.3:
    resolution: {integrity: sha512-kRAyotcbNaSYoDnXvb4MHg/0a1egJdLwS6oJ38TJY7aw9n93Fl/3blIXdyYvPOp55CNxywooG/3BcrwNrBpcSg==}

  vite@5.3.3:
    resolution: {integrity: sha512-NPQdeCU0Dv2z5fu+ULotpuq5yfCS1BzKUIPhNbP3YBfAMGJXbt2nS+sbTFu+qchaqWTD+H3JK++nRwr6XIcp6A==}
    engines: {node: ^18.0.0 || >=20.0.0}
    hasBin: true
    peerDependencies:
      '@types/node': ^18.0.0 || >=20.0.0
      less: '*'
      lightningcss: ^1.21.0
      sass: '*'
      stylus: '*'
      sugarss: '*'
      terser: ^5.4.0
    peerDependenciesMeta:
      '@types/node':
        optional: true
      less:
        optional: true
      lightningcss:
        optional: true
      sass:
        optional: true
      stylus:
        optional: true
      sugarss:
        optional: true
      terser:
        optional: true

  ws@8.18.0:
    resolution: {integrity: sha512-8VbfWfHLbbwu3+N6OKsOMpBdT4kXPDDB9cJk2bJ6mh9ucxdlnNvH1e+roYkKmN9Nxw2yjz7VzeO9oOz2zJ04Pw==}
    engines: {node: '>=10.0.0'}
    peerDependencies:
      bufferutil: ^4.0.1
      utf-8-validate: '>=5.0.2'
    peerDependenciesMeta:
      bufferutil:
        optional: true
      utf-8-validate:
        optional: true

  y-protocols@1.0.6:
    resolution: {integrity: sha512-vHRF2L6iT3rwj1jub/K5tYcTT/mEYDUppgNPXwp8fmLpui9f7Yeq3OEtTLVF012j39QnV+KEQpNqoN7CWU7Y9Q==}
    engines: {node: '>=16.0.0', npm: '>=8.0.0'}
    peerDependencies:
      yjs: ^13.0.0

  yjs@13.6.18:
    resolution: {integrity: sha512-GBTjO4QCmv2HFKFkYIJl7U77hIB1o22vSCSQD1Ge8ZxWbIbn8AltI4gyXbtL+g5/GJep67HCMq3Y5AmNwDSyEg==}
    engines: {node: '>=16.0.0', npm: '>=8.0.0'}

snapshots:

  '@anywidget/types@0.1.9(react@18.3.1)':
    dependencies:
      '@jupyter-widgets/base': 6.0.8(react@18.3.1)
    transitivePeerDependencies:
      - bufferutil
      - react
      - utf-8-validate

  '@anywidget/vite@0.2.0(vite@5.3.3)':
    dependencies:
      vite: 5.3.3

  '@esbuild/aix-ppc64@0.21.5':
    optional: true

  '@esbuild/android-arm64@0.21.5':
    optional: true

  '@esbuild/android-arm@0.21.5':
    optional: true

  '@esbuild/android-x64@0.21.5':
    optional: true

  '@esbuild/darwin-arm64@0.21.5':
    optional: true

  '@esbuild/darwin-x64@0.21.5':
    optional: true

  '@esbuild/freebsd-arm64@0.21.5':
    optional: true

  '@esbuild/freebsd-x64@0.21.5':
    optional: true

  '@esbuild/linux-arm64@0.21.5':
    optional: true

  '@esbuild/linux-arm@0.21.5':
    optional: true

  '@esbuild/linux-ia32@0.21.5':
    optional: true

  '@esbuild/linux-loong64@0.21.5':
    optional: true

  '@esbuild/linux-mips64el@0.21.5':
    optional: true

  '@esbuild/linux-ppc64@0.21.5':
    optional: true

  '@esbuild/linux-riscv64@0.21.5':
    optional: true

  '@esbuild/linux-s390x@0.21.5':
    optional: true

  '@esbuild/linux-x64@0.21.5':
    optional: true

  '@esbuild/netbsd-x64@0.21.5':
    optional: true

  '@esbuild/openbsd-x64@0.21.5':
    optional: true

  '@esbuild/sunos-x64@0.21.5':
    optional: true

  '@esbuild/win32-arm64@0.21.5':
    optional: true

  '@esbuild/win32-ia32@0.21.5':
    optional: true

  '@esbuild/win32-x64@0.21.5':
    optional: true

  '@jupyter-widgets/base@6.0.8(react@18.3.1)':
    dependencies:
      '@jupyterlab/services': 7.2.3(react@18.3.1)
      '@lumino/coreutils': 2.2.0
      '@lumino/messaging': 1.10.3
      '@lumino/widgets': 2.4.0
      '@types/backbone': 1.4.14
      '@types/lodash': 4.17.6
      backbone: 1.4.0
      jquery: 3.7.1
      lodash: 4.17.21
    transitivePeerDependencies:
      - bufferutil
      - react
      - utf-8-validate

  '@jupyter/ydoc@2.0.1':
    dependencies:
      '@jupyterlab/nbformat': 4.2.3
      '@lumino/coreutils': 2.2.0
      '@lumino/disposable': 2.1.3
      '@lumino/signaling': 2.1.3
      y-protocols: 1.0.6(yjs@13.6.18)
      yjs: 13.6.18

  '@jupyterlab/coreutils@6.2.3':
    dependencies:
      '@lumino/coreutils': 2.2.0
      '@lumino/disposable': 2.1.3
      '@lumino/signaling': 2.1.3
      minimist: 1.2.8
      path-browserify: 1.0.1
      url-parse: 1.5.10

  '@jupyterlab/nbformat@4.2.3':
    dependencies:
      '@lumino/coreutils': 2.2.0

  '@jupyterlab/services@7.2.3(react@18.3.1)':
    dependencies:
      '@jupyter/ydoc': 2.0.1
      '@jupyterlab/coreutils': 6.2.3
      '@jupyterlab/nbformat': 4.2.3
      '@jupyterlab/settingregistry': 4.2.3(react@18.3.1)
      '@jupyterlab/statedb': 4.2.3
      '@lumino/coreutils': 2.2.0
      '@lumino/disposable': 2.1.3
      '@lumino/polling': 2.1.3
      '@lumino/properties': 2.0.2
      '@lumino/signaling': 2.1.3
      ws: 8.18.0
    transitivePeerDependencies:
      - bufferutil
      - react
      - utf-8-validate

  '@jupyterlab/settingregistry@4.2.3(react@18.3.1)':
    dependencies:
      '@jupyterlab/nbformat': 4.2.3
      '@jupyterlab/statedb': 4.2.3
      '@lumino/commands': 2.3.1
      '@lumino/coreutils': 2.2.0
      '@lumino/disposable': 2.1.3
      '@lumino/signaling': 2.1.3
      '@rjsf/utils': 5.19.1(react@18.3.1)
      ajv: 8.16.0
      json5: 2.2.3
      react: 18.3.1

  '@jupyterlab/statedb@4.2.3':
    dependencies:
      '@lumino/commands': 2.3.1
      '@lumino/coreutils': 2.2.0
      '@lumino/disposable': 2.1.3
      '@lumino/properties': 2.0.2
      '@lumino/signaling': 2.1.3

  '@lukeed/csprng@1.1.0': {}

  '@lukeed/uuid@2.0.1':
    dependencies:
      '@lukeed/csprng': 1.1.0

  '@lumino/algorithm@1.9.2': {}

  '@lumino/algorithm@2.0.2': {}

  '@lumino/collections@1.9.3':
    dependencies:
      '@lumino/algorithm': 1.9.2

  '@lumino/collections@2.0.2':
    dependencies:
      '@lumino/algorithm': 2.0.2

  '@lumino/commands@2.3.1':
    dependencies:
      '@lumino/algorithm': 2.0.2
      '@lumino/coreutils': 2.2.0
      '@lumino/disposable': 2.1.3
      '@lumino/domutils': 2.0.2
      '@lumino/keyboard': 2.0.2
      '@lumino/signaling': 2.1.3
      '@lumino/virtualdom': 2.0.2

  '@lumino/coreutils@2.2.0':
    dependencies:
      '@lumino/algorithm': 2.0.2

  '@lumino/disposable@2.1.3':
    dependencies:
      '@lumino/signaling': 2.1.3

  '@lumino/domutils@2.0.2': {}

  '@lumino/dragdrop@2.1.5':
    dependencies:
      '@lumino/coreutils': 2.2.0
      '@lumino/disposable': 2.1.3

  '@lumino/keyboard@2.0.2': {}

  '@lumino/messaging@1.10.3':
    dependencies:
      '@lumino/algorithm': 1.9.2
      '@lumino/collections': 1.9.3

  '@lumino/messaging@2.0.2':
    dependencies:
      '@lumino/algorithm': 2.0.2
      '@lumino/collections': 2.0.2

  '@lumino/polling@2.1.3':
    dependencies:
      '@lumino/coreutils': 2.2.0
      '@lumino/disposable': 2.1.3
      '@lumino/signaling': 2.1.3

  '@lumino/properties@2.0.2': {}

  '@lumino/signaling@2.1.3':
    dependencies:
      '@lumino/algorithm': 2.0.2
      '@lumino/coreutils': 2.2.0

  '@lumino/virtualdom@2.0.2':
    dependencies:
      '@lumino/algorithm': 2.0.2

  '@lumino/widgets@2.4.0':
    dependencies:
      '@lumino/algorithm': 2.0.2
      '@lumino/commands': 2.3.1
      '@lumino/coreutils': 2.2.0
      '@lumino/disposable': 2.1.3
      '@lumino/domutils': 2.0.2
      '@lumino/dragdrop': 2.1.5
      '@lumino/keyboard': 2.0.2
      '@lumino/messaging': 2.0.2
      '@lumino/properties': 2.0.2
      '@lumino/signaling': 2.1.3
      '@lumino/virtualdom': 2.0.2

  '@rjsf/utils@5.19.1(react@18.3.1)':
    dependencies:
      json-schema-merge-allof: 0.8.1
      jsonpointer: 5.0.1
      lodash: 4.17.21
      lodash-es: 4.17.21
      react: 18.3.1
      react-is: 18.3.1

  '@rollup/rollup-android-arm-eabi@4.18.0':
    optional: true

  '@rollup/rollup-android-arm64@4.18.0':
    optional: true

  '@rollup/rollup-darwin-arm64@4.18.0':
    optional: true

  '@rollup/rollup-darwin-x64@4.18.0':
    optional: true

  '@rollup/rollup-linux-arm-gnueabihf@4.18.0':
    optional: true

  '@rollup/rollup-linux-arm-musleabihf@4.18.0':
    optional: true

  '@rollup/rollup-linux-arm64-gnu@4.18.0':
    optional: true

  '@rollup/rollup-linux-arm64-musl@4.18.0':
    optional: true

  '@rollup/rollup-linux-powerpc64le-gnu@4.18.0':
    optional: true

  '@rollup/rollup-linux-riscv64-gnu@4.18.0':
    optional: true

  '@rollup/rollup-linux-s390x-gnu@4.18.0':
    optional: true

  '@rollup/rollup-linux-x64-gnu@4.18.0':
    optional: true

  '@rollup/rollup-linux-x64-musl@4.18.0':
    optional: true

  '@rollup/rollup-win32-arm64-msvc@4.18.0':
    optional: true

  '@rollup/rollup-win32-ia32-msvc@4.18.0':
    optional: true

  '@rollup/rollup-win32-x64-msvc@4.18.0':
    optional: true

  '@types/backbone@1.4.14':
    dependencies:
      '@types/jquery': 3.5.30
      '@types/underscore': 1.11.15

  '@types/estree@1.0.5': {}

  '@types/jquery@3.5.30':
    dependencies:
      '@types/sizzle': 2.3.8

  '@types/lodash@4.17.6': {}

  '@types/sizzle@2.3.8': {}

  '@types/underscore@1.11.15': {}

  ajv@8.16.0:
    dependencies:
      fast-deep-equal: 3.1.3
      json-schema-traverse: 1.0.0
      require-from-string: 2.0.2
      uri-js: 4.4.1

  anywidget@0.9.13(react@18.3.1):
    dependencies:
      '@anywidget/types': 0.1.9(react@18.3.1)
      '@jupyter-widgets/base': 6.0.8(react@18.3.1)
      '@lukeed/uuid': 2.0.1
      solid-js: 1.8.18
    transitivePeerDependencies:
      - bufferutil
      - react
      - utf-8-validate

  backbone@1.4.0:
    dependencies:
      underscore: 1.13.6

  compute-gcd@1.2.1:
    dependencies:
      validate.io-array: 1.0.6
      validate.io-function: 1.0.2
      validate.io-integer-array: 1.0.0

  compute-lcm@1.1.2:
    dependencies:
      compute-gcd: 1.2.1
      validate.io-array: 1.0.6
      validate.io-function: 1.0.2
      validate.io-integer-array: 1.0.0

  csstype@3.1.3: {}

  esbuild@0.21.5:
    optionalDependencies:
      '@esbuild/aix-ppc64': 0.21.5
      '@esbuild/android-arm': 0.21.5
      '@esbuild/android-arm64': 0.21.5
      '@esbuild/android-x64': 0.21.5
      '@esbuild/darwin-arm64': 0.21.5
      '@esbuild/darwin-x64': 0.21.5
      '@esbuild/freebsd-arm64': 0.21.5
      '@esbuild/freebsd-x64': 0.21.5
      '@esbuild/linux-arm': 0.21.5
      '@esbuild/linux-arm64': 0.21.5
      '@esbuild/linux-ia32': 0.21.5
      '@esbuild/linux-loong64': 0.21.5
      '@esbuild/linux-mips64el': 0.21.5
      '@esbuild/linux-ppc64': 0.21.5
      '@esbuild/linux-riscv64': 0.21.5
      '@esbuild/linux-s390x': 0.21.5
      '@esbuild/linux-x64': 0.21.5
      '@esbuild/netbsd-x64': 0.21.5
      '@esbuild/openbsd-x64': 0.21.5
      '@esbuild/sunos-x64': 0.21.5
      '@esbuild/win32-arm64': 0.21.5
      '@esbuild/win32-ia32': 0.21.5
      '@esbuild/win32-x64': 0.21.5

  fast-deep-equal@3.1.3: {}

  fsevents@2.3.3:
    optional: true

  isomorphic.js@0.2.5: {}

  jquery@3.7.1: {}

  js-tokens@4.0.0: {}

  json-schema-compare@0.2.2:
    dependencies:
      lodash: 4.17.21

  json-schema-merge-allof@0.8.1:
    dependencies:
      compute-lcm: 1.1.2
      json-schema-compare: 0.2.2
      lodash: 4.17.21

  json-schema-traverse@1.0.0: {}

  json5@2.2.3: {}

  jsonpointer@5.0.1: {}

  lib0@0.2.94:
    dependencies:
      isomorphic.js: 0.2.5

  lodash-es@4.17.21: {}

  lodash@4.17.21: {}

  loose-envify@1.4.0:
    dependencies:
      js-tokens: 4.0.0

  minimist@1.2.8: {}

  nanoid@3.3.7: {}

  path-browserify@1.0.1: {}

  picocolors@1.0.1: {}

  postcss@8.4.39:
    dependencies:
      nanoid: 3.3.7
      picocolors: 1.0.1
      source-map-js: 1.2.0

  punycode@2.3.1: {}

  querystringify@2.2.0: {}

  react-is@18.3.1: {}

  react@18.3.1:
    dependencies:
      loose-envify: 1.4.0

  require-from-string@2.0.2: {}

  requires-port@1.0.0: {}

  rollup@4.18.0:
    dependencies:
      '@types/estree': 1.0.5
    optionalDependencies:
      '@rollup/rollup-android-arm-eabi': 4.18.0
      '@rollup/rollup-android-arm64': 4.18.0
      '@rollup/rollup-darwin-arm64': 4.18.0
      '@rollup/rollup-darwin-x64': 4.18.0
      '@rollup/rollup-linux-arm-gnueabihf': 4.18.0
      '@rollup/rollup-linux-arm-musleabihf': 4.18.0
      '@rollup/rollup-linux-arm64-gnu': 4.18.0
      '@rollup/rollup-linux-arm64-musl': 4.18.0
      '@rollup/rollup-linux-powerpc64le-gnu': 4.18.0
      '@rollup/rollup-linux-riscv64-gnu': 4.18.0
      '@rollup/rollup-linux-s390x-gnu': 4.18.0
      '@rollup/rollup-linux-x64-gnu': 4.18.0
      '@rollup/rollup-linux-x64-musl': 4.18.0
      '@rollup/rollup-win32-arm64-msvc': 4.18.0
      '@rollup/rollup-win32-ia32-msvc': 4.18.0
      '@rollup/rollup-win32-x64-msvc': 4.18.0
      fsevents: 2.3.3

  seroval-plugins@1.0.7(seroval@1.0.7):
    dependencies:
      seroval: 1.0.7

  seroval@1.0.7: {}

  solid-js@1.8.18:
    dependencies:
      csstype: 3.1.3
      seroval: 1.0.7
      seroval-plugins: 1.0.7(seroval@1.0.7)

  source-map-js@1.2.0: {}

  underscore@1.13.6: {}

  uri-js@4.4.1:
    dependencies:
      punycode: 2.3.1

  url-parse@1.5.10:
    dependencies:
      querystringify: 2.2.0
      requires-port: 1.0.0

  validate.io-array@1.0.6: {}

  validate.io-function@1.0.2: {}

  validate.io-integer-array@1.0.0:
    dependencies:
      validate.io-array: 1.0.6
      validate.io-integer: 1.0.5

  validate.io-integer@1.0.5:
    dependencies:
      validate.io-number: 1.0.3

  validate.io-number@1.0.3: {}

  vite@5.3.3:
    dependencies:
      esbuild: 0.21.5
      postcss: 8.4.39
      rollup: 4.18.0
    optionalDependencies:
      fsevents: 2.3.3

  ws@8.18.0: {}

  y-protocols@1.0.6(yjs@13.6.18):
    dependencies:
      lib0: 0.2.94
      yjs: 13.6.18

  yjs@13.6.18:
    dependencies:
      lib0: 0.2.94
